
Microsoft Visual Studio Solution File, Format Version 12.00
# Visual Studio Version 16
VisualStudioVersion = 16.0.30114.105
MinimumVisualStudioVersion = 10.0.40219.1
Project("{FAE04EC0-301F-11D3-BF4B-00C04F79EFBC}") = "UwpSamples.RealTimeAssetsTrackingWithSignalR.UWP", "UwpSamples.RealTimeAssetsTrackingWithSignalR.UWP\UwpSamples.RealTimeAssetsTrackingWithSignalR.UWP.csproj", "{001FD734-0D24-46F0-B7B8-4A28FF5D32EB}"
EndProject
Global
	GlobalSection(SolutionConfigurationPlatforms) = preSolution
		Debug|ARM = Debug|ARM
		Debug|ARM64 = Debug|ARM64
		Debug|x64 = Debug|x64
		Debug|x86 = Debug|x86
		Release|ARM = Release|ARM
		Release|ARM64 = Release|ARM64
		Release|x64 = Release|x64
		Release|x86 = Release|x86
	EndGlobalSection
	GlobalSection(ProjectConfigurationPlatforms) = postSolution
		{001FD734-0D24-46F0-B7B8-4A28FF5D32EB}.Debug|ARM.ActiveCfg = Debug|ARM
		{001FD734-0D24-46F0-B7B8-4A28FF5D32EB}.Debug|ARM.Build.0 = Debug|ARM
		{001FD734-0D24-46F0-B7B8-4A28FF5D32EB}.Debug|ARM.Deploy.0 = Debug|ARM
		{001FD734-0D24-46F0-B7B8-4A28FF5D32EB}.Debug|ARM64.ActiveCfg = Debug|ARM64
		{001FD734-0D24-46F0-B7B8-4A28FF5D32EB}.Debug|ARM64.Build.0 = Debug|ARM64
		{001FD734-0D24-46F0-B7B8-4A28FF5D32EB}.Debug|ARM64.Deploy.0 = Debug|ARM64
		{001FD734-0D24-46F0-B7B8-4A28FF5D32EB}.Debug|x64.ActiveCfg = Debug|x64
		{001FD734-0D24-46F0-B7B8-4A28FF5D32EB}.Debug|x64.Build.0 = Debug|x64
		{001FD734-0D24-46F0-B7B8-4A28FF5D32EB}.Debug|x64.Deploy.0 = Debug|x64
		{001FD734-0D24-46F0-B7B8-4A28FF5D32EB}.Debug|x86.ActiveCfg = Debug|x86
		{001FD734-0D24-46F0-B7B8-4A28FF5D32EB}.Debug|x86.Build.0 = Debug|x86
		{001FD734-0D24-46F0-B7B8-4A28FF5D32EB}.Debug|x86.Deploy.0 = Debug|x86
		{001FD734-0D24-46F0-B7B8-4A28FF5D32EB}.Release|ARM.ActiveCfg = Release|ARM
		{001FD734-0D24-46F0-B7B8-4A28FF5D32EB}.Release|ARM.Build.0 = Release|ARM
		{001FD734-0D24-46F0-B7B8-4A28FF5D32EB}.Release|ARM.Deploy.0 = Release|ARM
		{001FD734-0D24-46F0-B7B8-4A28FF5D32EB}.Release|ARM64.ActiveCfg = Release|ARM64
		{001FD734-0D24-46F0-B7B8-4A28FF5D32EB}.Release|ARM64.Build.0 = Release|ARM64
		{001FD734-0D24-46F0-B7B8-4A28FF5D32EB}.Release|ARM64.Deploy.0 = Release|ARM64
		{001FD734-0D24-46F0-B7B8-4A28FF5D32EB}.Release|x64.ActiveCfg = Release|x64
		{001FD734-0D24-46F0-B7B8-4A28FF5D32EB}.Release|x64.Build.0 = Release|x64
		{001FD734-0D24-46F0-B7B8-4A28FF5D32EB}.Release|x64.Deploy.0 = Release|x64
		{001FD734-0D24-46F0-B7B8-4A28FF5D32EB}.Release|x86.ActiveCfg = Release|x86
		{001FD734-0D24-46F0-B7B8-4A28FF5D32EB}.Release|x86.Build.0 = Release|x86
		{001FD734-0D24-46F0-B7B8-4A28FF5D32EB}.Release|x86.Deploy.0 = Release|x86
	EndGlobalSection
	GlobalSection(SolutionProperties) = preSolution
		HideSolutionNode = FALSE
	EndGlobalSection
	GlobalSection(ExtensibilityGlobals) = postSolution
		SolutionGuid = {447C9453-E724-4996-8F6B-D5EEECBFB4E6}
	EndGlobalSection
EndGlobal
